{
  "version": 4,
  "terraform_version": "1.3.3",
  "serial": 32,
  "lineage": "d2405215-85a1-c76f-6d91-2240b4df748d",
  "outputs": {
    "application_ip": {
      "value": "143.110.235.210",
      "type": "string"
    },
    "frontend_ip": {
      "value": "143.198.153.60",
      "type": "string"
    }
  },
  "resources": [
    {
      "mode": "data",
      "type": "digitalocean_project",
      "name": "lab_project",
      "provider": "provider[\"registry.terraform.io/digitalocean/digitalocean\"]",
      "instances": [
        {
          "schema_version": 0,
          "attributes": {
            "created_at": "2022-10-25T03:26:24Z",
            "description": "",
            "environment": "",
            "id": "dfcd5345-eb01-4fa9-a815-e05fba2fbbf1",
            "is_default": true,
            "name": "4640",
            "owner_id": 9007105,
            "owner_uuid": "36e82539-92eb-4dd2-aff0-b0069cce5587",
            "purpose": "Class project / Educational purposes",
            "resources": [
              "do:droplet:330139305",
              "do:droplet:330139306",
              "do:droplet:330140270"
            ],
            "updated_at": "2022-11-19T21:23:27Z"
          },
          "sensitive_attributes": []
        }
      ]
    },
    {
      "mode": "data",
      "type": "digitalocean_ssh_key",
      "name": "ssh_key",
      "provider": "provider[\"registry.terraform.io/digitalocean/digitalocean\"]",
      "instances": [
        {
          "schema_version": 0,
          "attributes": {
            "fingerprint": "ab:29:e6:99:ae:f1:94:8c:73:e0:76:f4:74:58:7c:52",
            "id": 36770400,
            "name": "assign_key",
            "public_key": "ssh-rsa AAAAB3NzaC1yc2EAAAADAQABAAABgQCQb8FGHmuSfzqFZOGnqzv0WZ7+2Wsa5Qgz/HtOJduNobfY5g/y51iWXmLO/gbL8koVXGBFU8mEJlRvoMnugzEtRrWB/2AnuahRpYRsK0sYRanqbCp7err8w6z/JfAdU242Vk836GSXqU4/r+3JygJaVX7ADjt2B/4tijRwcuuh3qxqp9CVwQpSqOkiDixCFcVV1oASV1df5R2VmxAGWvOgjRsSl4Ed+Kly12N6j3WicWFPMKHJpf2X7fIgzupkSF6mmqFeyMn0qyBvXBKMnJ0l06YmsJ8KBQqCdskEIrsn1QSAG/wmFauSCAVoilDrRz/5ouQoYVhmPoNvE0lqBNpLIRf2AsRuY0UaXzv+GY9m7A6BWl+KHxbP3EUDgNfu3UQYYXK31sQiFzYNxeOIcTbDeQZ63qAYxiuBD+uQP+Uvcoenj6vUZDVQLPDcM8ohevIejuNrtsF2F/jbdySYuDYccxsHG+sAYpOX8rONDPpilYfeB3yuRMMynQhV7c0mng0= inggy@DC-Inggy"
          },
          "sensitive_attributes": []
        }
      ]
    },
    {
      "mode": "managed",
      "type": "digitalocean_droplet",
      "name": "application_app",
      "provider": "provider[\"registry.terraform.io/digitalocean/digitalocean\"]",
      "instances": [
        {
          "schema_version": 1,
          "attributes": {
            "backups": false,
            "created_at": "2022-12-08T00:03:34Z",
            "disk": 10,
            "droplet_agent": null,
            "graceful_shutdown": false,
            "id": "330139306",
            "image": "rockylinux-9-x64",
            "ipv4_address": "143.110.235.210",
            "ipv4_address_private": "10.46.40.3",
            "ipv6": false,
            "ipv6_address": "",
            "locked": false,
            "memory": 512,
            "monitoring": false,
            "name": "application-A00937032",
            "price_hourly": 0.00595,
            "price_monthly": 4,
            "private_networking": true,
            "region": "sfo3",
            "resize_disk": true,
            "size": "s-1vcpu-512mb-10gb",
            "ssh_keys": [
              "36770400"
            ],
            "status": "active",
            "tags": [
              "A00937032",
              "application"
            ],
            "timeouts": null,
            "urn": "do:droplet:330139306",
            "user_data": null,
            "vcpus": 1,
            "volume_ids": [],
            "vpc_uuid": "5d997314-bbbf-4d4e-98ae-98d542c922e5"
          },
          "sensitive_attributes": [],
          "private": "eyJlMmJmYjczMC1lY2FhLTExZTYtOGY4OC0zNDM2M2JjN2M0YzAiOnsiY3JlYXRlIjozNjAwMDAwMDAwMDAwLCJkZWxldGUiOjYwMDAwMDAwMDAwLCJ1cGRhdGUiOjM2MDAwMDAwMDAwMDB9LCJzY2hlbWFfdmVyc2lvbiI6IjEifQ==",
          "dependencies": [
            "data.digitalocean_ssh_key.ssh_key",
            "digitalocean_tag.application_tag",
            "digitalocean_tag.id_tag",
            "digitalocean_vpc.web_vpc"
          ],
          "create_before_destroy": true
        }
      ]
    },
    {
      "mode": "managed",
      "type": "digitalocean_droplet",
      "name": "frontend_app",
      "provider": "provider[\"registry.terraform.io/digitalocean/digitalocean\"]",
      "instances": [
        {
          "schema_version": 1,
          "attributes": {
            "backups": false,
            "created_at": "2022-12-08T00:11:50Z",
            "disk": 10,
            "droplet_agent": null,
            "graceful_shutdown": false,
            "id": "330140270",
            "image": "rockylinux-9-x64",
            "ipv4_address": "143.198.153.60",
            "ipv4_address_private": "10.46.40.4",
            "ipv6": false,
            "ipv6_address": "",
            "locked": false,
            "memory": 512,
            "monitoring": false,
            "name": "frontend-A00937032",
            "price_hourly": 0.00595,
            "price_monthly": 4,
            "private_networking": true,
            "region": "sfo3",
            "resize_disk": true,
            "size": "s-1vcpu-512mb-10gb",
            "ssh_keys": [
              "36770400"
            ],
            "status": "active",
            "tags": [
              "A00937032",
              "frontend"
            ],
            "timeouts": null,
            "urn": "do:droplet:330140270",
            "user_data": null,
            "vcpus": 1,
            "volume_ids": [],
            "vpc_uuid": "5d997314-bbbf-4d4e-98ae-98d542c922e5"
          },
          "sensitive_attributes": [],
          "private": "eyJlMmJmYjczMC1lY2FhLTExZTYtOGY4OC0zNDM2M2JjN2M0YzAiOnsiY3JlYXRlIjozNjAwMDAwMDAwMDAwLCJkZWxldGUiOjYwMDAwMDAwMDAwLCJ1cGRhdGUiOjM2MDAwMDAwMDAwMDB9LCJzY2hlbWFfdmVyc2lvbiI6IjEifQ==",
          "dependencies": [
            "data.digitalocean_ssh_key.ssh_key",
            "digitalocean_tag.frontend_tag",
            "digitalocean_tag.id_tag",
            "digitalocean_vpc.web_vpc"
          ],
          "create_before_destroy": true
        }
      ]
    },
    {
      "mode": "managed",
      "type": "digitalocean_firewall",
      "name": "application_fw",
      "provider": "provider[\"registry.terraform.io/digitalocean/digitalocean\"]",
      "instances": [
        {
          "schema_version": 0,
          "attributes": {
            "created_at": "2022-12-08T00:12:21Z",
            "droplet_ids": [
              330139306
            ],
            "id": "c5777fde-722a-4f4f-b3d5-f700cb57aaf6",
            "inbound_rule": [
              {
                "port_range": "",
                "protocol": "icmp",
                "source_addresses": [
                  "10.46.40.0/24"
                ],
                "source_droplet_ids": [],
                "source_kubernetes_ids": [],
                "source_load_balancer_uids": [],
                "source_tags": []
              },
              {
                "port_range": "1-65535",
                "protocol": "tcp",
                "source_addresses": [],
                "source_droplet_ids": [
                  330140270
                ],
                "source_kubernetes_ids": [],
                "source_load_balancer_uids": [],
                "source_tags": []
              },
              {
                "port_range": "1-65535",
                "protocol": "udp",
                "source_addresses": [],
                "source_droplet_ids": [
                  330140270
                ],
                "source_kubernetes_ids": [],
                "source_load_balancer_uids": [],
                "source_tags": []
              },
              {
                "port_range": "22",
                "protocol": "tcp",
                "source_addresses": [
                  "0.0.0.0/0",
                  "::/0"
                ],
                "source_droplet_ids": [],
                "source_kubernetes_ids": [],
                "source_load_balancer_uids": [],
                "source_tags": []
              }
            ],
            "name": "application-firewall",
            "outbound_rule": [],
            "pending_changes": [],
            "status": "succeeded",
            "tags": []
          },
          "sensitive_attributes": [],
          "private": "bnVsbA==",
          "dependencies": [
            "data.digitalocean_ssh_key.ssh_key",
            "digitalocean_droplet.application_app",
            "digitalocean_droplet.frontend_app",
            "digitalocean_tag.application_tag",
            "digitalocean_tag.frontend_tag",
            "digitalocean_tag.id_tag",
            "digitalocean_vpc.web_vpc"
          ]
        }
      ]
    },
    {
      "mode": "managed",
      "type": "digitalocean_firewall",
      "name": "frontend_fw",
      "provider": "provider[\"registry.terraform.io/digitalocean/digitalocean\"]",
      "instances": [
        {
          "schema_version": 0,
          "attributes": {
            "created_at": "2022-12-08T00:12:21Z",
            "droplet_ids": [
              330140270
            ],
            "id": "6d4708a1-bc20-4981-886d-9920116dfc1b",
            "inbound_rule": [
              {
                "port_range": "",
                "protocol": "icmp",
                "source_addresses": [
                  "10.46.40.0/24"
                ],
                "source_droplet_ids": [],
                "source_kubernetes_ids": [],
                "source_load_balancer_uids": [],
                "source_tags": []
              },
              {
                "port_range": "1-65535",
                "protocol": "tcp",
                "source_addresses": [
                  "0.0.0.0/0",
                  "::/0"
                ],
                "source_droplet_ids": [],
                "source_kubernetes_ids": [],
                "source_load_balancer_uids": [],
                "source_tags": []
              },
              {
                "port_range": "1-65535",
                "protocol": "udp",
                "source_addresses": [
                  "0.0.0.0/0",
                  "::/0"
                ],
                "source_droplet_ids": [],
                "source_kubernetes_ids": [],
                "source_load_balancer_uids": [],
                "source_tags": []
              },
              {
                "port_range": "22",
                "protocol": "tcp",
                "source_addresses": [
                  "0.0.0.0/0",
                  "::/0"
                ],
                "source_droplet_ids": [],
                "source_kubernetes_ids": [],
                "source_load_balancer_uids": [],
                "source_tags": []
              }
            ],
            "name": "frontend-firewall",
            "outbound_rule": [],
            "pending_changes": [],
            "status": "succeeded",
            "tags": []
          },
          "sensitive_attributes": [],
          "private": "bnVsbA==",
          "dependencies": [
            "data.digitalocean_ssh_key.ssh_key",
            "digitalocean_droplet.frontend_app",
            "digitalocean_tag.frontend_tag",
            "digitalocean_tag.id_tag",
            "digitalocean_vpc.web_vpc"
          ]
        }
      ]
    },
    {
      "mode": "managed",
      "type": "digitalocean_project_resources",
      "name": "project_attach",
      "provider": "provider[\"registry.terraform.io/digitalocean/digitalocean\"]",
      "instances": [
        {
          "schema_version": 0,
          "attributes": {
            "id": "dfcd5345-eb01-4fa9-a815-e05fba2fbbf1",
            "project": "dfcd5345-eb01-4fa9-a815-e05fba2fbbf1",
            "resources": [
              "do:droplet:330139306",
              "do:droplet:330140270"
            ]
          },
          "sensitive_attributes": [],
          "private": "bnVsbA==",
          "dependencies": [
            "data.digitalocean_project.lab_project",
            "data.digitalocean_ssh_key.ssh_key",
            "digitalocean_droplet.application_app",
            "digitalocean_droplet.frontend_app",
            "digitalocean_tag.application_tag",
            "digitalocean_tag.frontend_tag",
            "digitalocean_tag.id_tag",
            "digitalocean_vpc.web_vpc"
          ]
        }
      ]
    },
    {
      "mode": "managed",
      "type": "digitalocean_tag",
      "name": "application_tag",
      "provider": "provider[\"registry.terraform.io/digitalocean/digitalocean\"]",
      "instances": [
        {
          "schema_version": 0,
          "attributes": {
            "databases_count": 0,
            "droplets_count": 1,
            "id": "application",
            "images_count": 0,
            "name": "application",
            "total_resource_count": 1,
            "volume_snapshots_count": 0,
            "volumes_count": 0
          },
          "sensitive_attributes": [],
          "private": "bnVsbA==",
          "create_before_destroy": true
        }
      ]
    },
    {
      "mode": "managed",
      "type": "digitalocean_tag",
      "name": "frontend_tag",
      "provider": "provider[\"registry.terraform.io/digitalocean/digitalocean\"]",
      "instances": [
        {
          "schema_version": 0,
          "attributes": {
            "databases_count": 0,
            "droplets_count": 1,
            "id": "frontend",
            "images_count": 0,
            "name": "frontend",
            "total_resource_count": 1,
            "volume_snapshots_count": 0,
            "volumes_count": 0
          },
          "sensitive_attributes": [],
          "private": "bnVsbA==",
          "create_before_destroy": true
        }
      ]
    },
    {
      "mode": "managed",
      "type": "digitalocean_tag",
      "name": "id_tag",
      "provider": "provider[\"registry.terraform.io/digitalocean/digitalocean\"]",
      "instances": [
        {
          "schema_version": 0,
          "attributes": {
            "databases_count": 0,
            "droplets_count": 0,
            "id": "A00937032",
            "images_count": 0,
            "name": "A00937032",
            "total_resource_count": 0,
            "volume_snapshots_count": 0,
            "volumes_count": 0
          },
          "sensitive_attributes": [],
          "private": "bnVsbA==",
          "create_before_destroy": true
        }
      ]
    },
    {
      "mode": "managed",
      "type": "digitalocean_vpc",
      "name": "web_vpc",
      "provider": "provider[\"registry.terraform.io/digitalocean/digitalocean\"]",
      "instances": [
        {
          "schema_version": 0,
          "attributes": {
            "created_at": "2022-12-07 23:58:15 +0000 UTC",
            "default": false,
            "description": "",
            "id": "5d997314-bbbf-4d4e-98ae-98d542c922e5",
            "ip_range": "10.46.40.0/24",
            "name": "web",
            "region": "sfo3",
            "timeouts": null,
            "urn": "do:vpc:5d997314-bbbf-4d4e-98ae-98d542c922e5"
          },
          "sensitive_attributes": [],
          "private": "eyJlMmJmYjczMC1lY2FhLTExZTYtOGY4OC0zNDM2M2JjN2M0YzAiOnsiZGVsZXRlIjoxMjAwMDAwMDAwMDB9fQ==",
          "create_before_destroy": true
        }
      ]
    }
  ],
  "check_results": []
}
